<?xml version="1.0" encoding="utf-8"?>
<Project ToolsVersion="4.0" xmlns="http://schemas.microsoft.com/developer/msbuild/2003">
  <ItemGroup>
    <ClCompile Include="imgui\imgui-SFML.cpp" />
    <ClCompile Include="imgui\imgui.cpp" />
    <ClCompile Include="imgui\imgui_draw.cpp" />
    <ClCompile Include="imgui\imgui_widgets.cpp" />
    <ClCompile Include="src\BlockedMap.cpp" />
    <ClCompile Include="src\PlayerLocomotive.cpp" />
    <ClCompile Include="src\CompLocomotive.cpp" />
    <ClCompile Include="src\GameSetup.cpp" />
    <ClCompile Include="src\Camera.cpp" />
    <ClCompile Include="src\Spawner.cpp" />
    <ClCompile Include="src\GodDebugComp.cpp" />
    <ClCompile Include="MountainLobster.cpp" />
    <ClCompile Include="src\NetworkComms.cpp" />
    <ClCompile Include="src\PlayerRenderableComp.cpp" />
  </ItemGroup>
  <ItemGroup>
    <ClInclude Include="imgui\imconfig.h" />
    <ClInclude Include="imgui\imgui-SFML.h" />
    <ClInclude Include="imgui\imgui.h" />
    <ClInclude Include="imgui\imgui_internal.h" />
    <ClInclude Include="imgui\imstb_rectpack.h" />
    <ClInclude Include="imgui\imstb_textedit.h" />
    <ClInclude Include="imgui\imstb_truetype.h" />
    <ClInclude Include="include\BlockedMap.h" />
    <ClInclude Include="include\DbgImgui.h" />
    <ClInclude Include="include\GameSetup.h" />
    <ClInclude Include="include\CompLocomotive.h" />
    <ClInclude Include="include\PlayerLocomotive.h" />
    <ClInclude Include="include\Camera.h" />
    <ClInclude Include="include\Spawner.h" />
    <ClInclude Include="include\GodDebugComp.h" />
    <ClInclude Include="include\NetworkComms.h" />
    <ClInclude Include="include\PlayerRenderableComp.h" />
  </ItemGroup>
</Project>