
Microsoft Visual Studio Solution File, Format Version 12.00
# Visual Studio Version 16
VisualStudioVersion = 16.0.30011.22
MinimumVisualStudioVersion = 10.0.40219.1
Project("{8BC9CEB8-8B4A-11D0-8D11-00A0C91BC942}") = "ProjectMountainLobster", "ProjectMountainLobster.vcxproj", "{11F3C9E2-BFD1-4802-8DEC-AB04707E6237}"
EndProject
Project("{8BC9CEB8-8B4A-11D0-8D11-00A0C91BC942}") = "KRAWLER Engine", "..\KRAWLER\KRAWLER\KRAWLER Engine\KRAWLER Engine.vcxproj", "{AEC75C52-0449-4C9B-AFF0-085AC57CBCD9}"
EndProject
Project("{8BC9CEB8-8B4A-11D0-8D11-00A0C91BC942}") = "GameMaster", "..\GameMaster\GameMaster.vcxproj", "{71A69533-F0B2-40FE-B4E0-814029D0F979}"
EndProject
Global
	GlobalSection(SolutionConfigurationPlatforms) = preSolution
		Debug|x64 = Debug|x64
		Debug|x86 = Debug|x86
		Release|x64 = Release|x64
		Release|x86 = Release|x86
	EndGlobalSection
	GlobalSection(ProjectConfigurationPlatforms) = postSolution
		{11F3C9E2-BFD1-4802-8DEC-AB04707E6237}.Debug|x64.ActiveCfg = Debug|x64
		{11F3C9E2-BFD1-4802-8DEC-AB04707E6237}.Debug|x64.Build.0 = Debug|x64
		{11F3C9E2-BFD1-4802-8DEC-AB04707E6237}.Debug|x86.ActiveCfg = Debug|x64
		{11F3C9E2-BFD1-4802-8DEC-AB04707E6237}.Release|x64.ActiveCfg = Release|x64
		{11F3C9E2-BFD1-4802-8DEC-AB04707E6237}.Release|x64.Build.0 = Release|x64
		{11F3C9E2-BFD1-4802-8DEC-AB04707E6237}.Release|x86.ActiveCfg = Release|x64
		{AEC75C52-0449-4C9B-AFF0-085AC57CBCD9}.Debug|x64.ActiveCfg = Debug|x64
		{AEC75C52-0449-4C9B-AFF0-085AC57CBCD9}.Debug|x64.Build.0 = Debug|x64
		{AEC75C52-0449-4C9B-AFF0-085AC57CBCD9}.Debug|x86.ActiveCfg = Debug|x64
		{AEC75C52-0449-4C9B-AFF0-085AC57CBCD9}.Release|x64.ActiveCfg = Release|x64
		{AEC75C52-0449-4C9B-AFF0-085AC57CBCD9}.Release|x64.Build.0 = Release|x64
		{AEC75C52-0449-4C9B-AFF0-085AC57CBCD9}.Release|x86.ActiveCfg = Release|x64
		{71A69533-F0B2-40FE-B4E0-814029D0F979}.Debug|x64.ActiveCfg = Debug|x64
		{71A69533-F0B2-40FE-B4E0-814029D0F979}.Debug|x64.Build.0 = Debug|x64
		{71A69533-F0B2-40FE-B4E0-814029D0F979}.Debug|x86.ActiveCfg = Debug|x64
		{71A69533-F0B2-40FE-B4E0-814029D0F979}.Release|x64.ActiveCfg = Release|x64
		{71A69533-F0B2-40FE-B4E0-814029D0F979}.Release|x64.Build.0 = Release|x64
		{71A69533-F0B2-40FE-B4E0-814029D0F979}.Release|x86.ActiveCfg = Release|x64
	EndGlobalSection
	GlobalSection(SolutionProperties) = preSolution
		HideSolutionNode = FALSE
	EndGlobalSection
	GlobalSection(ExtensibilityGlobals) = postSolution
		SolutionGuid = {04E2CB98-5F36-405F-8822-344F3E92C44A}
	EndGlobalSection
EndGlobal
